
Microsoft Visual Studio Solution File, Format Version 12.00
# Visual Studio 2013
VisualStudioVersion = 12.0.31101.0
MinimumVisualStudioVersion = 10.0.40219.1
Project("{FAE04EC0-301F-11D3-BF4B-00C04F79EFBC}") = "LanceTrack.Domain", "LanceTrack.Domain\LanceTrack.Domain.csproj", "{95DF81B0-0E6E-4652-B720-A458A280C55B}"
EndProject
Project("{2150E333-8FDC-42A3-9474-1A3956D46DE8}") = ".nuget", ".nuget", "{3EDA9D01-F87E-4164-AB07-26A90EA38DC6}"
	ProjectSection(SolutionItems) = preProject
		.nuget\NuGet.Config = .nuget\NuGet.Config
		.nuget\NuGet.exe = .nuget\NuGet.exe
		.nuget\NuGet.targets = .nuget\NuGet.targets
	EndProjectSection
EndProject
Project("{00D1A9C2-B5F0-4AF3-8072-F6C62B433612}") = "LanceTrack.Database", "database\LanceTrack.Database\LanceTrack.Database.sqlproj", "{A8457439-5233-4F89-9289-BC4512E22ABA}"
EndProject
Project("{FAE04EC0-301F-11D3-BF4B-00C04F79EFBC}") = "LanceTrack.Server", "LanceTrack.Server\LanceTrack.Server.csproj", "{6DCA8D27-ACF0-44B0-ABE9-77E96DF8D66E}"
EndProject
Project("{FAE04EC0-301F-11D3-BF4B-00C04F79EFBC}") = "LanceTrack.DataAccess", "LanceTrack.DataAccess\LanceTrack.DataAccess.csproj", "{864C7770-B024-4230-9AF7-1291A3B73492}"
EndProject
Project("{FAE04EC0-301F-11D3-BF4B-00C04F79EFBC}") = "LanceTrack.Web", "LanceTrack.Web\LanceTrack.Web.csproj", "{7B23CE25-BC70-4CDB-B4C3-6E2C01DC3D85}"
EndProject
Global
	GlobalSection(SolutionConfigurationPlatforms) = preSolution
		Debug|Any CPU = Debug|Any CPU
		Release|Any CPU = Release|Any CPU
	EndGlobalSection
	GlobalSection(ProjectConfigurationPlatforms) = postSolution
		{95DF81B0-0E6E-4652-B720-A458A280C55B}.Debug|Any CPU.ActiveCfg = Debug|Any CPU
		{95DF81B0-0E6E-4652-B720-A458A280C55B}.Debug|Any CPU.Build.0 = Debug|Any CPU
		{95DF81B0-0E6E-4652-B720-A458A280C55B}.Release|Any CPU.ActiveCfg = Release|Any CPU
		{95DF81B0-0E6E-4652-B720-A458A280C55B}.Release|Any CPU.Build.0 = Release|Any CPU
		{A8457439-5233-4F89-9289-BC4512E22ABA}.Debug|Any CPU.ActiveCfg = Debug|Any CPU
		{A8457439-5233-4F89-9289-BC4512E22ABA}.Debug|Any CPU.Build.0 = Debug|Any CPU
		{A8457439-5233-4F89-9289-BC4512E22ABA}.Debug|Any CPU.Deploy.0 = Debug|Any CPU
		{A8457439-5233-4F89-9289-BC4512E22ABA}.Release|Any CPU.ActiveCfg = Release|Any CPU
		{A8457439-5233-4F89-9289-BC4512E22ABA}.Release|Any CPU.Build.0 = Release|Any CPU
		{A8457439-5233-4F89-9289-BC4512E22ABA}.Release|Any CPU.Deploy.0 = Release|Any CPU
		{6DCA8D27-ACF0-44B0-ABE9-77E96DF8D66E}.Debug|Any CPU.ActiveCfg = Debug|Any CPU
		{6DCA8D27-ACF0-44B0-ABE9-77E96DF8D66E}.Debug|Any CPU.Build.0 = Debug|Any CPU
		{6DCA8D27-ACF0-44B0-ABE9-77E96DF8D66E}.Release|Any CPU.ActiveCfg = Release|Any CPU
		{6DCA8D27-ACF0-44B0-ABE9-77E96DF8D66E}.Release|Any CPU.Build.0 = Release|Any CPU
		{864C7770-B024-4230-9AF7-1291A3B73492}.Debug|Any CPU.ActiveCfg = Debug|Any CPU
		{864C7770-B024-4230-9AF7-1291A3B73492}.Debug|Any CPU.Build.0 = Debug|Any CPU
		{864C7770-B024-4230-9AF7-1291A3B73492}.Release|Any CPU.ActiveCfg = Release|Any CPU
		{864C7770-B024-4230-9AF7-1291A3B73492}.Release|Any CPU.Build.0 = Release|Any CPU
		{7B23CE25-BC70-4CDB-B4C3-6E2C01DC3D85}.Debug|Any CPU.ActiveCfg = Debug|Any CPU
		{7B23CE25-BC70-4CDB-B4C3-6E2C01DC3D85}.Debug|Any CPU.Build.0 = Debug|Any CPU
		{7B23CE25-BC70-4CDB-B4C3-6E2C01DC3D85}.Release|Any CPU.ActiveCfg = Release|Any CPU
		{7B23CE25-BC70-4CDB-B4C3-6E2C01DC3D85}.Release|Any CPU.Build.0 = Release|Any CPU
	EndGlobalSection
	GlobalSection(SolutionProperties) = preSolution
		HideSolutionNode = FALSE
	EndGlobalSection
EndGlobal
